
Microsoft Visual Studio Solution File, Format Version 12.00
# Visual Studio Version 17
VisualStudioVersion = 17.7.34031.279
MinimumVisualStudioVersion = 10.0.40219.1
Project("{FAE04EC0-301F-11D3-BF4B-00C04F79EFBC}") = "aip", "aip\aip.csproj", "{B3541084-6367-4945-8A29-4CD8BEA38410}"
EndProject
Global
	GlobalSection(SolutionConfigurationPlatforms) = preSolution
		Debug|Any CPU = Debug|Any CPU
		Release|Any CPU = Release|Any CPU
	EndGlobalSection
	GlobalSection(ProjectConfigurationPlatforms) = postSolution
		{B3541084-6367-4945-8A29-4CD8BEA38410}.Debug|Any CPU.ActiveCfg = Debug|Any CPU
		{B3541084-6367-4945-8A29-4CD8BEA38410}.Debug|Any CPU.Build.0 = Debug|Any CPU
		{B3541084-6367-4945-8A29-4CD8BEA38410}.Release|Any CPU.ActiveCfg = Release|Any CPU
		{B3541084-6367-4945-8A29-4CD8BEA38410}.Release|Any CPU.Build.0 = Release|Any CPU
	EndGlobalSection
	GlobalSection(SolutionProperties) = preSolution
		HideSolutionNode = FALSE
	EndGlobalSection
	GlobalSection(ExtensibilityGlobals) = postSolution
		SolutionGuid = {B6D17C01-7BC6-457D-B271-5AFC95EA9355}
	EndGlobalSection
EndGlobal
